// !$*UTF8*$!
{
	archiveVersion = 1;
	classes = {
	};
	objectVersion = 51;
	objects = {

/* Begin PBXBuildFile section */
		5332664D006C40E82A76613A /* Pods_Jiggle.framework in Frameworks */ = {isa = PBXBuildFile; fileRef = 7A3738220477A0D1C5AE43B1 /* Pods_Jiggle.framework */; };
		79035A602793D40900DFFDB2 /* art.scnassets in Resources */ = {isa = PBXBuildFile; fileRef = 79035A5F2793D40800DFFDB2 /* art.scnassets */; };
		79035A622793D42F00DFFDB2 /* texture.png in Resources */ = {isa = PBXBuildFile; fileRef = 79035A612793D42F00DFFDB2 /* texture.png */; };
		790CFEE6276A7BE000C355C5 /* PerformanceMeasurement.swift in Sources */ = {isa = PBXBuildFile; fileRef = 790CFEE5276A7BE000C355C5 /* PerformanceMeasurement.swift */; };
		79189E00274672900023628A /* Logger.swift in Sources */ = {isa = PBXBuildFile; fileRef = 79189DFF274672900023628A /* Logger.swift */; };
		791B7BE727469FFF00EF6886 /* UICollectionView+Extensions.swift in Sources */ = {isa = PBXBuildFile; fileRef = 791B7BDE27469FFF00EF6886 /* UICollectionView+Extensions.swift */; };
		791B7BE827469FFF00EF6886 /* Collection+Extensions.swift in Sources */ = {isa = PBXBuildFile; fileRef = 791B7BDF27469FFF00EF6886 /* Collection+Extensions.swift */; };
		791B7BEB27469FFF00EF6886 /* UIControl+Extensions.swift in Sources */ = {isa = PBXBuildFile; fileRef = 791B7BE227469FFF00EF6886 /* UIControl+Extensions.swift */; };
		791B7BEC27469FFF00EF6886 /* UIBarButtonItem+Extensions.swift in Sources */ = {isa = PBXBuildFile; fileRef = 791B7BE327469FFF00EF6886 /* UIBarButtonItem+Extensions.swift */; };
		791B7BED27469FFF00EF6886 /* KeyedDecodingContainer+Extensions.swift in Sources */ = {isa = PBXBuildFile; fileRef = 791B7BE427469FFF00EF6886 /* KeyedDecodingContainer+Extensions.swift */; };
		791B7BEE27469FFF00EF6886 /* Publisher+Extensions.swift in Sources */ = {isa = PBXBuildFile; fileRef = 791B7BE527469FFF00EF6886 /* Publisher+Extensions.swift */; };
		791B7BEF27469FFF00EF6886 /* UIView+Extensions.swift in Sources */ = {isa = PBXBuildFile; fileRef = 791B7BE627469FFF00EF6886 /* UIView+Extensions.swift */; };
		791CC44D2764BE0900813FAC /* ServicesContainer.swift in Sources */ = {isa = PBXBuildFile; fileRef = 791CC44C2764BE0900813FAC /* ServicesContainer.swift */; };
		791CC4542764CB5E00813FAC /* ZoneBasedMechanic.swift in Sources */ = {isa = PBXBuildFile; fileRef = 791CC4532764CB5E00813FAC /* ZoneBasedMechanic.swift */; };
		7920E0C8275FF3C9001A8366 /* ErrorHandlerProvider.swift in Sources */ = {isa = PBXBuildFile; fileRef = 7920E0C7275FF3C9001A8366 /* ErrorHandlerProvider.swift */; };
		7920E0CA275FFD5B001A8366 /* AnnotationsOverlayView.swift in Sources */ = {isa = PBXBuildFile; fileRef = 7920E0C9275FFD5B001A8366 /* AnnotationsOverlayView.swift */; };
		7920E0CF27600F1E001A8366 /* SessionInputManager.swift in Sources */ = {isa = PBXBuildFile; fileRef = 7920E0CE27600F1E001A8366 /* SessionInputManager.swift */; };
		7920E0D127600F62001A8366 /* Typealies.swift in Sources */ = {isa = PBXBuildFile; fileRef = 7920E0D027600F62001A8366 /* Typealies.swift */; };
		7920E0D32760152A001A8366 /* SessionMediaService.swift in Sources */ = {isa = PBXBuildFile; fileRef = 7920E0D22760152A001A8366 /* SessionMediaService.swift */; };
		7920E0D527601AAB001A8366 /* SessionOutputManager.swift in Sources */ = {isa = PBXBuildFile; fileRef = 7920E0CC2760094A001A8366 /* SessionOutputManager.swift */; };
		7922B2F8275FE65A00273D8B /* CaptureVideoPreviewView.swift in Sources */ = {isa = PBXBuildFile; fileRef = 7922B2F7275FE65A00273D8B /* CaptureVideoPreviewView.swift */; };
		7922B2FB275FED1C00273D8B /* JiggleError.swift in Sources */ = {isa = PBXBuildFile; fileRef = 7922B2FA275FED1C00273D8B /* JiggleError.swift */; };
		792980DA279D7028007647F7 /* Array+Extensions.swift in Sources */ = {isa = PBXBuildFile; fileRef = 792980D9279D7028007647F7 /* Array+Extensions.swift */; };
		794B56F3276BE2FF001A7FE6 /* DebugWindow.swift in Sources */ = {isa = PBXBuildFile; fileRef = 794B56F2276BE2FF001A7FE6 /* DebugWindow.swift */; };
		794B56F5276BE314001A7FE6 /* DebugWindow.xib in Resources */ = {isa = PBXBuildFile; fileRef = 794B56F4276BE314001A7FE6 /* DebugWindow.xib */; };
		794B56F7276BF962001A7FE6 /* DebugCollectionMenu.swift in Sources */ = {isa = PBXBuildFile; fileRef = 794B56F6276BF962001A7FE6 /* DebugCollectionMenu.swift */; };
		794B56FA276BF9DD001A7FE6 /* DebugMenuModel.swift in Sources */ = {isa = PBXBuildFile; fileRef = 794B56F9276BF9DD001A7FE6 /* DebugMenuModel.swift */; };
		794B56FE276BFDAD001A7FE6 /* DebugMenuCell.swift in Sources */ = {isa = PBXBuildFile; fileRef = 794B56FC276BFDAD001A7FE6 /* DebugMenuCell.swift */; };
		794B56FF276BFDAD001A7FE6 /* DebugMenuCell.xib in Resources */ = {isa = PBXBuildFile; fileRef = 794B56FD276BFDAD001A7FE6 /* DebugMenuCell.xib */; };
		794B5701276C05E6001A7FE6 /* DebugMenuDatasource.swift in Sources */ = {isa = PBXBuildFile; fileRef = 794B5700276C05E6001A7FE6 /* DebugMenuDatasource.swift */; };
		794B79DB279E2F620037B6C9 /* EditorZonesInteractor.swift in Sources */ = {isa = PBXBuildFile; fileRef = 794B79DA279E2F620037B6C9 /* EditorZonesInteractor.swift */; };
		794B79DE279E2FC70037B6C9 /* EditorDescriptionsModel.swift in Sources */ = {isa = PBXBuildFile; fileRef = 794B79DD279E2FC70037B6C9 /* EditorDescriptionsModel.swift */; };
		795129D2279CEDAE002F746C /* CaseItarable+Extensions.swift in Sources */ = {isa = PBXBuildFile; fileRef = 795129D1279CEDAE002F746C /* CaseItarable+Extensions.swift */; };
		795129D6279D1573002F746C /* CustomAlert.xib in Resources */ = {isa = PBXBuildFile; fileRef = 795129D4279D1572002F746C /* CustomAlert.xib */; };
		795129D7279D1573002F746C /* CustomAlert.swift in Sources */ = {isa = PBXBuildFile; fileRef = 795129D5279D1573002F746C /* CustomAlert.swift */; };
		795129DA279D16B6002F746C /* InteractionFeedbackService.swift in Sources */ = {isa = PBXBuildFile; fileRef = 795129D9279D16B6002F746C /* InteractionFeedbackService.swift */; };
		795129DC279D16E1002F746C /* TapAnimatedButton.swift in Sources */ = {isa = PBXBuildFile; fileRef = 795129DB279D16E1002F746C /* TapAnimatedButton.swift */; };
		795842F627713F3600E0172C /* SoundZone.swift in Sources */ = {isa = PBXBuildFile; fileRef = 795842F527713F3600E0172C /* SoundZone.swift */; };
		7958431827714E6400E0172C /* ZoneBasedAudio.swift in Sources */ = {isa = PBXBuildFile; fileRef = 7958431727714E6400E0172C /* ZoneBasedAudio.swift */; };
		7958431A27714E9400E0172C /* MaskManager.swift in Sources */ = {isa = PBXBuildFile; fileRef = 7958431927714E9400E0172C /* MaskManager.swift */; };
		79629CFC27EE77FB00FA5628 /* SoundDropService.swift in Sources */ = {isa = PBXBuildFile; fileRef = 79629CFB27EE77FB00FA5628 /* SoundDropService.swift */; };
		7963FC4227466F6F007B8449 /* ApplicationCoordinator.swift in Sources */ = {isa = PBXBuildFile; fileRef = 7963FC4127466F6F007B8449 /* ApplicationCoordinator.swift */; };
		7963FC4627466FAD007B8449 /* CoordinatorProtocol.swift in Sources */ = {isa = PBXBuildFile; fileRef = 7963FC4527466FAD007B8449 /* CoordinatorProtocol.swift */; };
		7965FCFE275E44D0002C1C1B /* CameraCoordinator.swift in Sources */ = {isa = PBXBuildFile; fileRef = 7965FCFA275E44D0002C1C1B /* CameraCoordinator.swift */; };
		7965FCFF275E44D0002C1C1B /* CameraViewController.swift in Sources */ = {isa = PBXBuildFile; fileRef = 7965FCFB275E44D0002C1C1B /* CameraViewController.swift */; };
		7965FD00275E44D0002C1C1B /* CameraViewModel.swift in Sources */ = {isa = PBXBuildFile; fileRef = 7965FCFC275E44D0002C1C1B /* CameraViewModel.swift */; };
		7965FD01275E44D0002C1C1B /* CameraViewController.xib in Resources */ = {isa = PBXBuildFile; fileRef = 7965FCFD275E44D0002C1C1B /* CameraViewController.xib */; };
		796A59F32747A02B008BA88B /* UserDefaultsPropertyWrapper.swift in Sources */ = {isa = PBXBuildFile; fileRef = 796A59F22747A02B008BA88B /* UserDefaultsPropertyWrapper.swift */; };
		796A5A1C2747A2A7008BA88B /* LaunchScreen.storyboard in Resources */ = {isa = PBXBuildFile; fileRef = 796A5A1B2747A2A7008BA88B /* LaunchScreen.storyboard */; };
		798F2BB2276392C500A47CC2 /* MatrixCollection.swift in Sources */ = {isa = PBXBuildFile; fileRef = 798F2BB1276392C500A47CC2 /* MatrixCollection.swift */; };
		798F2BB52763939F00A47CC2 /* MatrixSection.swift in Sources */ = {isa = PBXBuildFile; fileRef = 798F2BB42763939F00A47CC2 /* MatrixSection.swift */; };
		798F2BB7276393E200A47CC2 /* MatrixNode.swift in Sources */ = {isa = PBXBuildFile; fileRef = 798F2BB6276393E200A47CC2 /* MatrixNode.swift */; };
		798F2BBB2763968900A47CC2 /* MatrixNodeCell.swift in Sources */ = {isa = PBXBuildFile; fileRef = 798F2BB92763968900A47CC2 /* MatrixNodeCell.swift */; };
		798F2BBC2763968900A47CC2 /* MatrixNodeCell.xib in Resources */ = {isa = PBXBuildFile; fileRef = 798F2BBA2763968900A47CC2 /* MatrixNodeCell.xib */; };
		798F5D87278F35460042BA98 /* MaskBase.swift in Sources */ = {isa = PBXBuildFile; fileRef = 798F5D86278F35460042BA98 /* MaskBase.swift */; };
		79A6FFE427628BC3002E78E0 /* PointProcessor.swift in Sources */ = {isa = PBXBuildFile; fileRef = 79A6FFE327628BC3002E78E0 /* PointProcessor.swift */; };
		79A6FFE727628E27002E78E0 /* OneEuroFilter.swift in Sources */ = {isa = PBXBuildFile; fileRef = 79A6FFE627628E27002E78E0 /* OneEuroFilter.swift */; };
		79A6FFEC27629E50002E78E0 /* UtilsForDrawing.swift in Sources */ = {isa = PBXBuildFile; fileRef = 79A6FFEB27629E50002E78E0 /* UtilsForDrawing.swift */; };
		79A6FFEE27629EAB002E78E0 /* UtilsForPoseDetection.swift in Sources */ = {isa = PBXBuildFile; fileRef = 79A6FFED27629EAB002E78E0 /* UtilsForPoseDetection.swift */; };
		79A6FFF12762A3F0002E78E0 /* PoseRecognizer.swift in Sources */ = {isa = PBXBuildFile; fileRef = 79A6FFE827628FAD002E78E0 /* PoseRecognizer.swift */; };
		79D1AAFB27748E2900733F20 /* MaskAutoMapper.swift in Sources */ = {isa = PBXBuildFile; fileRef = 79D1AAFA27748E2900733F20 /* MaskAutoMapper.swift */; };
		79E04159279B9E6E00AB1390 /* Dictionary+Extensions.swift in Sources */ = {isa = PBXBuildFile; fileRef = 79E04158279B9E6E00AB1390 /* Dictionary+Extensions.swift */; };
		79E0415B279BA44B00AB1390 /* CodableColor.swift in Sources */ = {isa = PBXBuildFile; fileRef = 79E0415A279BA44B00AB1390 /* CodableColor.swift */; };
		79E0415D279BC3E200AB1390 /* EditorMask.swift in Sources */ = {isa = PBXBuildFile; fileRef = 79E0415C279BC3E200AB1390 /* EditorMask.swift */; };
		79E0415F279BD0A200AB1390 /* UIViewController+Extensions.swift in Sources */ = {isa = PBXBuildFile; fileRef = 79E0415E279BD0A200AB1390 /* UIViewController+Extensions.swift */; };
		79E04161279C058C00AB1390 /* String+Extensions.swift in Sources */ = {isa = PBXBuildFile; fileRef = 79E04160279C058C00AB1390 /* String+Extensions.swift */; };
		79EC56AD2796B0A600AEF729 /* EditorSoundsInteractor.swift in Sources */ = {isa = PBXBuildFile; fileRef = 79EC56AC2796B0A600AEF729 /* EditorSoundsInteractor.swift */; };
		79ED1386278C8DD600A1F9BA /* EditorZoneSelection.swift in Sources */ = {isa = PBXBuildFile; fileRef = 79ED1385278C8DD600A1F9BA /* EditorZoneSelection.swift */; };
		79F913B42746501500771FFE /* AppDelegate.swift in Sources */ = {isa = PBXBuildFile; fileRef = 79F913B32746501500771FFE /* AppDelegate.swift */; };
		79F913B62746501500771FFE /* SceneDelegate.swift in Sources */ = {isa = PBXBuildFile; fileRef = 79F913B52746501500771FFE /* SceneDelegate.swift */; };
		79F913BD2746501900771FFE /* Assets.xcassets in Resources */ = {isa = PBXBuildFile; fileRef = 79F913BC2746501900771FFE /* Assets.xcassets */; };
/* End PBXBuildFile section */

/* Begin PBXFileReference section */
		11CEED87185E67AAB103638B /* Pods-Jiggle.release.xcconfig */ = {isa = PBXFileReference; includeInIndex = 1; lastKnownFileType = text.xcconfig; name = "Pods-Jiggle.release.xcconfig"; path = "Target Support Files/Pods-Jiggle/Pods-Jiggle.release.xcconfig"; sourceTree = "<group>"; };
		79035A5F2793D40800DFFDB2 /* art.scnassets */ = {isa = PBXFileReference; lastKnownFileType = wrapper.scnassets; path = art.scnassets; sourceTree = "<group>"; };
		79035A612793D42F00DFFDB2 /* texture.png */ = {isa = PBXFileReference; lastKnownFileType = image.png; path = texture.png; sourceTree = "<group>"; };
		790CFEE5276A7BE000C355C5 /* PerformanceMeasurement.swift */ = {isa = PBXFileReference; lastKnownFileType = sourcecode.swift; path = PerformanceMeasurement.swift; sourceTree = "<group>"; };
		79189DFF274672900023628A /* Logger.swift */ = {isa = PBXFileReference; fileEncoding = 4; lastKnownFileType = sourcecode.swift; path = Logger.swift; sourceTree = "<group>"; };
		791B7BDE27469FFF00EF6886 /* UICollectionView+Extensions.swift */ = {isa = PBXFileReference; fileEncoding = 4; lastKnownFileType = sourcecode.swift; path = "UICollectionView+Extensions.swift"; sourceTree = "<group>"; };
		791B7BDF27469FFF00EF6886 /* Collection+Extensions.swift */ = {isa = PBXFileReference; fileEncoding = 4; lastKnownFileType = sourcecode.swift; path = "Collection+Extensions.swift"; sourceTree = "<group>"; };
		791B7BE227469FFF00EF6886 /* UIControl+Extensions.swift */ = {isa = PBXFileReference; fileEncoding = 4; lastKnownFileType = sourcecode.swift; path = "UIControl+Extensions.swift"; sourceTree = "<group>"; };
		791B7BE327469FFF00EF6886 /* UIBarButtonItem+Extensions.swift */ = {isa = PBXFileReference; fileEncoding = 4; lastKnownFileType = sourcecode.swift; path = "UIBarButtonItem+Extensions.swift"; sourceTree = "<group>"; };
		791B7BE427469FFF00EF6886 /* KeyedDecodingContainer+Extensions.swift */ = {isa = PBXFileReference; fileEncoding = 4; lastKnownFileType = sourcecode.swift; path = "KeyedDecodingContainer+Extensions.swift"; sourceTree = "<group>"; };
		791B7BE527469FFF00EF6886 /* Publisher+Extensions.swift */ = {isa = PBXFileReference; fileEncoding = 4; lastKnownFileType = sourcecode.swift; path = "Publisher+Extensions.swift"; sourceTree = "<group>"; };
		791B7BE627469FFF00EF6886 /* UIView+Extensions.swift */ = {isa = PBXFileReference; fileEncoding = 4; lastKnownFileType = sourcecode.swift; path = "UIView+Extensions.swift"; sourceTree = "<group>"; };
		791CC44C2764BE0900813FAC /* ServicesContainer.swift */ = {isa = PBXFileReference; lastKnownFileType = sourcecode.swift; path = ServicesContainer.swift; sourceTree = "<group>"; };
		791CC4532764CB5E00813FAC /* ZoneBasedMechanic.swift */ = {isa = PBXFileReference; lastKnownFileType = sourcecode.swift; path = ZoneBasedMechanic.swift; sourceTree = "<group>"; };
		7920E0C7275FF3C9001A8366 /* ErrorHandlerProvider.swift */ = {isa = PBXFileReference; lastKnownFileType = sourcecode.swift; path = ErrorHandlerProvider.swift; sourceTree = "<group>"; };
		7920E0C9275FFD5B001A8366 /* AnnotationsOverlayView.swift */ = {isa = PBXFileReference; lastKnownFileType = sourcecode.swift; path = AnnotationsOverlayView.swift; sourceTree = "<group>"; };
		7920E0CC2760094A001A8366 /* SessionOutputManager.swift */ = {isa = PBXFileReference; lastKnownFileType = sourcecode.swift; path = SessionOutputManager.swift; sourceTree = "<group>"; };
		7920E0CE27600F1E001A8366 /* SessionInputManager.swift */ = {isa = PBXFileReference; lastKnownFileType = sourcecode.swift; path = SessionInputManager.swift; sourceTree = "<group>"; };
		7920E0D027600F62001A8366 /* Typealies.swift */ = {isa = PBXFileReference; lastKnownFileType = sourcecode.swift; path = Typealies.swift; sourceTree = "<group>"; };
		7920E0D22760152A001A8366 /* SessionMediaService.swift */ = {isa = PBXFileReference; lastKnownFileType = sourcecode.swift; path = SessionMediaService.swift; sourceTree = "<group>"; };
		7922B2F7275FE65A00273D8B /* CaptureVideoPreviewView.swift */ = {isa = PBXFileReference; lastKnownFileType = sourcecode.swift; path = CaptureVideoPreviewView.swift; sourceTree = "<group>"; };
		7922B2FA275FED1C00273D8B /* JiggleError.swift */ = {isa = PBXFileReference; lastKnownFileType = sourcecode.swift; path = JiggleError.swift; sourceTree = "<group>"; };
		792980D9279D7028007647F7 /* Array+Extensions.swift */ = {isa = PBXFileReference; lastKnownFileType = sourcecode.swift; path = "Array+Extensions.swift"; sourceTree = "<group>"; };
		794B56F2276BE2FF001A7FE6 /* DebugWindow.swift */ = {isa = PBXFileReference; lastKnownFileType = sourcecode.swift; path = DebugWindow.swift; sourceTree = "<group>"; };
		794B56F4276BE314001A7FE6 /* DebugWindow.xib */ = {isa = PBXFileReference; lastKnownFileType = file.xib; path = DebugWindow.xib; sourceTree = "<group>"; };
		794B56F6276BF962001A7FE6 /* DebugCollectionMenu.swift */ = {isa = PBXFileReference; lastKnownFileType = sourcecode.swift; path = DebugCollectionMenu.swift; sourceTree = "<group>"; };
		794B56F9276BF9DD001A7FE6 /* DebugMenuModel.swift */ = {isa = PBXFileReference; lastKnownFileType = sourcecode.swift; path = DebugMenuModel.swift; sourceTree = "<group>"; };
		794B56FC276BFDAD001A7FE6 /* DebugMenuCell.swift */ = {isa = PBXFileReference; lastKnownFileType = sourcecode.swift; path = DebugMenuCell.swift; sourceTree = "<group>"; };
		794B56FD276BFDAD001A7FE6 /* DebugMenuCell.xib */ = {isa = PBXFileReference; lastKnownFileType = file.xib; path = DebugMenuCell.xib; sourceTree = "<group>"; };
		794B5700276C05E6001A7FE6 /* DebugMenuDatasource.swift */ = {isa = PBXFileReference; lastKnownFileType = sourcecode.swift; path = DebugMenuDatasource.swift; sourceTree = "<group>"; };
		794B79DA279E2F620037B6C9 /* EditorZonesInteractor.swift */ = {isa = PBXFileReference; lastKnownFileType = sourcecode.swift; path = EditorZonesInteractor.swift; sourceTree = "<group>"; };
		794B79DD279E2FC70037B6C9 /* EditorDescriptionsModel.swift */ = {isa = PBXFileReference; lastKnownFileType = sourcecode.swift; path = EditorDescriptionsModel.swift; sourceTree = "<group>"; };
		795129D1279CEDAE002F746C /* CaseItarable+Extensions.swift */ = {isa = PBXFileReference; lastKnownFileType = sourcecode.swift; path = "CaseItarable+Extensions.swift"; sourceTree = "<group>"; };
		795129D4279D1572002F746C /* CustomAlert.xib */ = {isa = PBXFileReference; fileEncoding = 4; lastKnownFileType = file.xib; path = CustomAlert.xib; sourceTree = "<group>"; };
		795129D5279D1573002F746C /* CustomAlert.swift */ = {isa = PBXFileReference; fileEncoding = 4; lastKnownFileType = sourcecode.swift; path = CustomAlert.swift; sourceTree = "<group>"; };
		795129D9279D16B6002F746C /* InteractionFeedbackService.swift */ = {isa = PBXFileReference; fileEncoding = 4; lastKnownFileType = sourcecode.swift; path = InteractionFeedbackService.swift; sourceTree = "<group>"; };
		795129DB279D16E1002F746C /* TapAnimatedButton.swift */ = {isa = PBXFileReference; fileEncoding = 4; lastKnownFileType = sourcecode.swift; path = TapAnimatedButton.swift; sourceTree = "<group>"; };
		795842F527713F3600E0172C /* SoundZone.swift */ = {isa = PBXFileReference; lastKnownFileType = sourcecode.swift; path = SoundZone.swift; sourceTree = "<group>"; };
		7958431727714E6400E0172C /* ZoneBasedAudio.swift */ = {isa = PBXFileReference; lastKnownFileType = sourcecode.swift; path = ZoneBasedAudio.swift; sourceTree = "<group>"; };
		7958431927714E9400E0172C /* MaskManager.swift */ = {isa = PBXFileReference; lastKnownFileType = sourcecode.swift; path = MaskManager.swift; sourceTree = "<group>"; };
		79629CFB27EE77FB00FA5628 /* SoundDropService.swift */ = {isa = PBXFileReference; lastKnownFileType = sourcecode.swift; path = SoundDropService.swift; sourceTree = "<group>"; };
		7963FC4127466F6F007B8449 /* ApplicationCoordinator.swift */ = {isa = PBXFileReference; lastKnownFileType = sourcecode.swift; path = ApplicationCoordinator.swift; sourceTree = "<group>"; };
		7963FC4527466FAD007B8449 /* CoordinatorProtocol.swift */ = {isa = PBXFileReference; lastKnownFileType = sourcecode.swift; path = CoordinatorProtocol.swift; sourceTree = "<group>"; };
		7965FCFA275E44D0002C1C1B /* CameraCoordinator.swift */ = {isa = PBXFileReference; lastKnownFileType = sourcecode.swift; path = CameraCoordinator.swift; sourceTree = "<group>"; };
		7965FCFB275E44D0002C1C1B /* CameraViewController.swift */ = {isa = PBXFileReference; lastKnownFileType = sourcecode.swift; path = CameraViewController.swift; sourceTree = "<group>"; };
		7965FCFC275E44D0002C1C1B /* CameraViewModel.swift */ = {isa = PBXFileReference; lastKnownFileType = sourcecode.swift; path = CameraViewModel.swift; sourceTree = "<group>"; };
		7965FCFD275E44D0002C1C1B /* CameraViewController.xib */ = {isa = PBXFileReference; lastKnownFileType = file.xib; path = CameraViewController.xib; sourceTree = "<group>"; };
		796A59F22747A02B008BA88B /* UserDefaultsPropertyWrapper.swift */ = {isa = PBXFileReference; lastKnownFileType = sourcecode.swift; path = UserDefaultsPropertyWrapper.swift; sourceTree = "<group>"; };
		796A5A1B2747A2A7008BA88B /* LaunchScreen.storyboard */ = {isa = PBXFileReference; fileEncoding = 4; lastKnownFileType = file.storyboard; path = LaunchScreen.storyboard; sourceTree = "<group>"; };
		798F2BB1276392C500A47CC2 /* MatrixCollection.swift */ = {isa = PBXFileReference; lastKnownFileType = sourcecode.swift; path = MatrixCollection.swift; sourceTree = "<group>"; };
		798F2BB42763939F00A47CC2 /* MatrixSection.swift */ = {isa = PBXFileReference; lastKnownFileType = sourcecode.swift; path = MatrixSection.swift; sourceTree = "<group>"; };
		798F2BB6276393E200A47CC2 /* MatrixNode.swift */ = {isa = PBXFileReference; lastKnownFileType = sourcecode.swift; path = MatrixNode.swift; sourceTree = "<group>"; };
		798F2BB92763968900A47CC2 /* MatrixNodeCell.swift */ = {isa = PBXFileReference; lastKnownFileType = sourcecode.swift; path = MatrixNodeCell.swift; sourceTree = "<group>"; };
		798F2BBA2763968900A47CC2 /* MatrixNodeCell.xib */ = {isa = PBXFileReference; lastKnownFileType = file.xib; path = MatrixNodeCell.xib; sourceTree = "<group>"; };
		798F5D86278F35460042BA98 /* MaskBase.swift */ = {isa = PBXFileReference; lastKnownFileType = sourcecode.swift; path = MaskBase.swift; sourceTree = "<group>"; };
		79A6FFE327628BC3002E78E0 /* PointProcessor.swift */ = {isa = PBXFileReference; lastKnownFileType = sourcecode.swift; path = PointProcessor.swift; sourceTree = "<group>"; };
		79A6FFE627628E27002E78E0 /* OneEuroFilter.swift */ = {isa = PBXFileReference; lastKnownFileType = sourcecode.swift; path = OneEuroFilter.swift; sourceTree = "<group>"; };
		79A6FFE827628FAD002E78E0 /* PoseRecognizer.swift */ = {isa = PBXFileReference; lastKnownFileType = sourcecode.swift; path = PoseRecognizer.swift; sourceTree = "<group>"; };
		79A6FFEB27629E50002E78E0 /* UtilsForDrawing.swift */ = {isa = PBXFileReference; lastKnownFileType = sourcecode.swift; path = UtilsForDrawing.swift; sourceTree = "<group>"; };
		79A6FFED27629EAB002E78E0 /* UtilsForPoseDetection.swift */ = {isa = PBXFileReference; lastKnownFileType = sourcecode.swift; path = UtilsForPoseDetection.swift; sourceTree = "<group>"; };
		79D1AAFA27748E2900733F20 /* MaskAutoMapper.swift */ = {isa = PBXFileReference; lastKnownFileType = sourcecode.swift; path = MaskAutoMapper.swift; sourceTree = "<group>"; };
		79E04158279B9E6E00AB1390 /* Dictionary+Extensions.swift */ = {isa = PBXFileReference; lastKnownFileType = sourcecode.swift; path = "Dictionary+Extensions.swift"; sourceTree = "<group>"; };
		79E0415A279BA44B00AB1390 /* CodableColor.swift */ = {isa = PBXFileReference; lastKnownFileType = sourcecode.swift; path = CodableColor.swift; sourceTree = "<group>"; };
		79E0415C279BC3E200AB1390 /* EditorMask.swift */ = {isa = PBXFileReference; lastKnownFileType = sourcecode.swift; path = EditorMask.swift; sourceTree = "<group>"; };
		79E0415E279BD0A200AB1390 /* UIViewController+Extensions.swift */ = {isa = PBXFileReference; lastKnownFileType = sourcecode.swift; path = "UIViewController+Extensions.swift"; sourceTree = "<group>"; };
		79E04160279C058C00AB1390 /* String+Extensions.swift */ = {isa = PBXFileReference; lastKnownFileType = sourcecode.swift; path = "String+Extensions.swift"; sourceTree = "<group>"; };
		79EC56AC2796B0A600AEF729 /* EditorSoundsInteractor.swift */ = {isa = PBXFileReference; lastKnownFileType = sourcecode.swift; path = EditorSoundsInteractor.swift; sourceTree = "<group>"; };
		79ED1385278C8DD600A1F9BA /* EditorZoneSelection.swift */ = {isa = PBXFileReference; lastKnownFileType = sourcecode.swift; path = EditorZoneSelection.swift; sourceTree = "<group>"; };
		79F913B02746501500771FFE /* Jiggle.app */ = {isa = PBXFileReference; explicitFileType = wrapper.application; includeInIndex = 0; path = Jiggle.app; sourceTree = BUILT_PRODUCTS_DIR; };
		79F913B32746501500771FFE /* AppDelegate.swift */ = {isa = PBXFileReference; lastKnownFileType = sourcecode.swift; path = AppDelegate.swift; sourceTree = "<group>"; };
		79F913B52746501500771FFE /* SceneDelegate.swift */ = {isa = PBXFileReference; lastKnownFileType = sourcecode.swift; path = SceneDelegate.swift; sourceTree = "<group>"; };
		79F913BC2746501900771FFE /* Assets.xcassets */ = {isa = PBXFileReference; lastKnownFileType = folder.assetcatalog; path = Assets.xcassets; sourceTree = "<group>"; };
		79F913C12746501900771FFE /* Info.plist */ = {isa = PBXFileReference; lastKnownFileType = text.plist.xml; path = Info.plist; sourceTree = "<group>"; };
		7A3738220477A0D1C5AE43B1 /* Pods_Jiggle.framework */ = {isa = PBXFileReference; explicitFileType = wrapper.framework; includeInIndex = 0; path = Pods_Jiggle.framework; sourceTree = BUILT_PRODUCTS_DIR; };
		E1587FEF8190C1BAA52A8B83 /* Pods-Jiggle.debug.xcconfig */ = {isa = PBXFileReference; includeInIndex = 1; lastKnownFileType = text.xcconfig; name = "Pods-Jiggle.debug.xcconfig"; path = "Target Support Files/Pods-Jiggle/Pods-Jiggle.debug.xcconfig"; sourceTree = "<group>"; };
/* End PBXFileReference section */

/* Begin PBXFrameworksBuildPhase section */
		79F913AD2746501500771FFE /* Frameworks */ = {
			isa = PBXFrameworksBuildPhase;
			buildActionMask = 2147483647;
			files = (
				5332664D006C40E82A76613A /* Pods_Jiggle.framework in Frameworks */,
			);
			runOnlyForDeploymentPostprocessing = 0;
		};
/* End PBXFrameworksBuildPhase section */

/* Begin PBXGroup section */
		79035A5E2793D3D200DFFDB2 /* EasterEgg */ = {
			isa = PBXGroup;
			children = (
				79035A612793D42F00DFFDB2 /* texture.png */,
				79035A5F2793D40800DFFDB2 /* art.scnassets */,
			);
			path = EasterEgg;
			sourceTree = "<group>";
		};
		79189DFE274672420023628A /* CodeDebug */ = {
			isa = PBXGroup;
			children = (
				7938B51A27992BEB00F8B72D /* ErrorHandling */,
				790CFEE5276A7BE000C355C5 /* PerformanceMeasurement.swift */,
				79189DFF274672900023628A /* Logger.swift */,
			);
			path = CodeDebug;
			sourceTree = "<group>";
		};
		791B7BDD27469FF000EF6886 /* Extensions */ = {
			isa = PBXGroup;
			children = (
				791B7BDF27469FFF00EF6886 /* Collection+Extensions.swift */,
				791B7BE427469FFF00EF6886 /* KeyedDecodingContainer+Extensions.swift */,
				791B7BE527469FFF00EF6886 /* Publisher+Extensions.swift */,
				791B7BE327469FFF00EF6886 /* UIBarButtonItem+Extensions.swift */,
				791B7BDE27469FFF00EF6886 /* UICollectionView+Extensions.swift */,
				791B7BE227469FFF00EF6886 /* UIControl+Extensions.swift */,
				791B7BE627469FFF00EF6886 /* UIView+Extensions.swift */,
				79E04158279B9E6E00AB1390 /* Dictionary+Extensions.swift */,
				79E0415E279BD0A200AB1390 /* UIViewController+Extensions.swift */,
				79E04160279C058C00AB1390 /* String+Extensions.swift */,
				795129D1279CEDAE002F746C /* CaseItarable+Extensions.swift */,
				792980D9279D7028007647F7 /* Array+Extensions.swift */,
			);
			path = Extensions;
			sourceTree = "<group>";
		};
		791B7BF72746A11800EF6886 /* Utils */ = {
			isa = PBXGroup;
			children = (
				79E0415A279BA44B00AB1390 /* CodableColor.swift */,
				791CC4502764C8E000813FAC /* DrawingAnnotations */,
				796A59F22747A02B008BA88B /* UserDefaultsPropertyWrapper.swift */,
				7920E0D027600F62001A8366 /* Typealies.swift */,
				79035A5E2793D3D200DFFDB2 /* EasterEgg */,
			);
			path = Utils;
			sourceTree = "<group>";
		};
		791B7BFE2746A71E00EF6886 /* Domain */ = {
			isa = PBXGroup;
			children = (
				791CC44E2764C21400813FAC /* Detection */,
				791CC44B2764B89500813FAC /* MediaCapture */,
				791CC4512764C97C00813FAC /* ZoneBasedSoundMechanic */,
			);
			path = Domain;
			sourceTree = "<group>";
		};
		791CC44B2764B89500813FAC /* MediaCapture */ = {
			isa = PBXGroup;
			children = (
				7920E0D22760152A001A8366 /* SessionMediaService.swift */,
				7920E0CC2760094A001A8366 /* SessionOutputManager.swift */,
				7920E0CE27600F1E001A8366 /* SessionInputManager.swift */,
			);
			path = MediaCapture;
			sourceTree = "<group>";
		};
		791CC44E2764C21400813FAC /* Detection */ = {
			isa = PBXGroup;
			children = (
				79A6FFE827628FAD002E78E0 /* PoseRecognizer.swift */,
				791CC44F2764C40B00813FAC /* PointsFilters */,
			);
			path = Detection;
			sourceTree = "<group>";
		};
		791CC44F2764C40B00813FAC /* PointsFilters */ = {
			isa = PBXGroup;
			children = (
				79A6FFE327628BC3002E78E0 /* PointProcessor.swift */,
				79A6FFE627628E27002E78E0 /* OneEuroFilter.swift */,
			);
			path = PointsFilters;
			sourceTree = "<group>";
		};
		791CC4502764C8E000813FAC /* DrawingAnnotations */ = {
			isa = PBXGroup;
			children = (
				79A6FFED27629EAB002E78E0 /* UtilsForPoseDetection.swift */,
				79A6FFEB27629E50002E78E0 /* UtilsForDrawing.swift */,
			);
			path = DrawingAnnotations;
			sourceTree = "<group>";
		};
		791CC4512764C97C00813FAC /* ZoneBasedSoundMechanic */ = {
			isa = PBXGroup;
			children = (
				791CC4532764CB5E00813FAC /* ZoneBasedMechanic.swift */,
				7958431927714E9400E0172C /* MaskManager.swift */,
				7983E20D279758650098A2D7 /* MaskEditor */,
			);
			path = ZoneBasedSoundMechanic;
			sourceTree = "<group>";
		};
		7922B2F6275FE61700273D8B /* View */ = {
			isa = PBXGroup;
			children = (
				7922B2F7275FE65A00273D8B /* CaptureVideoPreviewView.swift */,
				7920E0C9275FFD5B001A8366 /* AnnotationsOverlayView.swift */,
			);
			path = View;
			sourceTree = "<group>";
		};
		7938B51A27992BEB00F8B72D /* ErrorHandling */ = {
			isa = PBXGroup;
			children = (
				7920E0C7275FF3C9001A8366 /* ErrorHandlerProvider.swift */,
				7922B2FA275FED1C00273D8B /* JiggleError.swift */,
			);
			path = ErrorHandling;
			sourceTree = "<group>";
		};
		794B56F1276BE2EA001A7FE6 /* DebugWindow */ = {
			isa = PBXGroup;
			children = (
				794B56F2276BE2FF001A7FE6 /* DebugWindow.swift */,
				794B56F4276BE314001A7FE6 /* DebugWindow.xib */,
				794B56F8276BF9BD001A7FE6 /* DetectionMenu */,
			);
			path = DebugWindow;
			sourceTree = "<group>";
		};
		794B56F8276BF9BD001A7FE6 /* DetectionMenu */ = {
			isa = PBXGroup;
			children = (
				794B56F6276BF962001A7FE6 /* DebugCollectionMenu.swift */,
				794B56F9276BF9DD001A7FE6 /* DebugMenuModel.swift */,
				794B5700276C05E6001A7FE6 /* DebugMenuDatasource.swift */,
				794B56FB276BFD8D001A7FE6 /* Cell */,
			);
			path = DetectionMenu;
			sourceTree = "<group>";
		};
		794B56FB276BFD8D001A7FE6 /* Cell */ = {
			isa = PBXGroup;
			children = (
				794B56FC276BFDAD001A7FE6 /* DebugMenuCell.swift */,
				794B56FD276BFDAD001A7FE6 /* DebugMenuCell.xib */,
			);
			path = Cell;
			sourceTree = "<group>";
		};
		794B79DC279E2F870037B6C9 /* Model */ = {
			isa = PBXGroup;
			children = (
				794B79DD279E2FC70037B6C9 /* EditorDescriptionsModel.swift */,
			);
			path = Model;
			sourceTree = "<group>";
		};
		795129D3279D1569002F746C /* View */ = {
			isa = PBXGroup;
			children = (
				795129DB279D16E1002F746C /* TapAnimatedButton.swift */,
				795129D5279D1573002F746C /* CustomAlert.swift */,
				795129D4279D1572002F746C /* CustomAlert.xib */,
			);
			path = View;
			sourceTree = "<group>";
		};
		795129D8279D1689002F746C /* ServicesContainer */ = {
			isa = PBXGroup;
			children = (
				795129D9279D16B6002F746C /* InteractionFeedbackService.swift */,
				791CC44C2764BE0900813FAC /* ServicesContainer.swift */,
				79629CFB27EE77FB00FA5628 /* SoundDropService.swift */,
			);
			path = ServicesContainer;
			sourceTree = "<group>";
		};
		795842F427713F0A00E0172C /* Mask */ = {
			isa = PBXGroup;
			children = (
				795842F527713F3600E0172C /* SoundZone.swift */,
				798F5D86278F35460042BA98 /* MaskBase.swift */,
				7958431727714E6400E0172C /* ZoneBasedAudio.swift */,
				79D1AAFA27748E2900733F20 /* MaskAutoMapper.swift */,
				79E0415C279BC3E200AB1390 /* EditorMask.swift */,
			);
			path = Mask;
			sourceTree = "<group>";
		};
		795842FB2771451F00E0172C /* MasksSounds */ = {
			isa = PBXGroup;
			children = (
			);
			path = MasksSounds;
			sourceTree = "<group>";
		};
		7963FC4427466F7C007B8449 /* Protocols */ = {
			isa = PBXGroup;
			children = (
				7963FC4527466FAD007B8449 /* CoordinatorProtocol.swift */,
			);
			path = Protocols;
			sourceTree = "<group>";
		};
		7965FCE9275E446A002C1C1B /* Camera */ = {
			isa = PBXGroup;
			children = (
				7965FCFB275E44D0002C1C1B /* CameraViewController.swift */,
				7965FCFC275E44D0002C1C1B /* CameraViewModel.swift */,
				7965FCFA275E44D0002C1C1B /* CameraCoordinator.swift */,
				7965FCFD275E44D0002C1C1B /* CameraViewController.xib */,
				798F2BB32763938600A47CC2 /* Matrix */,
				794B56F1276BE2EA001A7FE6 /* DebugWindow */,
				7922B2F6275FE61700273D8B /* View */,
			);
			path = Camera;
			sourceTree = "<group>";
		};
		7983E20D279758650098A2D7 /* MaskEditor */ = {
			isa = PBXGroup;
			children = (
				794B79DC279E2F870037B6C9 /* Model */,
				79ED1385278C8DD600A1F9BA /* EditorZoneSelection.swift */,
				794B79DA279E2F620037B6C9 /* EditorZonesInteractor.swift */,
				79EC56AC2796B0A600AEF729 /* EditorSoundsInteractor.swift */,
				795842F427713F0A00E0172C /* Mask */,
			);
			path = MaskEditor;
			sourceTree = "<group>";
		};
		798F2BB32763938600A47CC2 /* Matrix */ = {
			isa = PBXGroup;
			children = (
				798F2BB1276392C500A47CC2 /* MatrixCollection.swift */,
				798F2BB92763968900A47CC2 /* MatrixNodeCell.swift */,
				798F2BBA2763968900A47CC2 /* MatrixNodeCell.xib */,
				798F2BB42763939F00A47CC2 /* MatrixSection.swift */,
				798F2BB6276393E200A47CC2 /* MatrixNode.swift */,
			);
			path = Matrix;
			sourceTree = "<group>";
		};
		79F913A72746501500771FFE = {
			isa = PBXGroup;
			children = (
				79F913C82746502300771FFE /* Application */,
				79F913CD274652E200771FFE /* Source */,
				79F913B22746501500771FFE /* Module */,
				79F913C92746509E00771FFE /* Resources */,
				79F913B12746501500771FFE /* Products */,
				F3A9A8E51B2FEBA1F4B295EC /* Pods */,
				D196C30986E6D2C25E6FF13F /* Frameworks */,
			);
			sourceTree = "<group>";
		};
		79F913B12746501500771FFE /* Products */ = {
			isa = PBXGroup;
			children = (
				79F913B02746501500771FFE /* Jiggle.app */,
			);
			name = Products;
			sourceTree = "<group>";
		};
		79F913B22746501500771FFE /* Module */ = {
			isa = PBXGroup;
			children = (
				7965FCE9275E446A002C1C1B /* Camera */,
			);
			path = Module;
			sourceTree = "<group>";
		};
		79F913C82746502300771FFE /* Application */ = {
			isa = PBXGroup;
			children = (
				79F913B32746501500771FFE /* AppDelegate.swift */,
				79F913B52746501500771FFE /* SceneDelegate.swift */,
				796A5A1B2747A2A7008BA88B /* LaunchScreen.storyboard */,
				7963FC4127466F6F007B8449 /* ApplicationCoordinator.swift */,
				79F913C12746501900771FFE /* Info.plist */,
			);
			path = Application;
			sourceTree = "<group>";
		};
		79F913C92746509E00771FFE /* Resources */ = {
			isa = PBXGroup;
			children = (
				795842FB2771451F00E0172C /* MasksSounds */,
				79F913BC2746501900771FFE /* Assets.xcassets */,
			);
			path = Resources;
			sourceTree = "<group>";
		};
		79F913CD274652E200771FFE /* Source */ = {
			isa = PBXGroup;
			children = (
				795129D3279D1569002F746C /* View */,
				795129D8279D1689002F746C /* ServicesContainer */,
				791B7BDD27469FF000EF6886 /* Extensions */,
				791B7BF72746A11800EF6886 /* Utils */,
				79189DFE274672420023628A /* CodeDebug */,
				7963FC4427466F7C007B8449 /* Protocols */,
				791B7BFE2746A71E00EF6886 /* Domain */,
			);
			path = Source;
			sourceTree = "<group>";
		};
		D196C30986E6D2C25E6FF13F /* Frameworks */ = {
			isa = PBXGroup;
			children = (
				7A3738220477A0D1C5AE43B1 /* Pods_Jiggle.framework */,
			);
			name = Frameworks;
			sourceTree = "<group>";
		};
		F3A9A8E51B2FEBA1F4B295EC /* Pods */ = {
			isa = PBXGroup;
			children = (
				E1587FEF8190C1BAA52A8B83 /* Pods-Jiggle.debug.xcconfig */,
				11CEED87185E67AAB103638B /* Pods-Jiggle.release.xcconfig */,
			);
			path = Pods;
			sourceTree = "<group>";
		};
/* End PBXGroup section */

/* Begin PBXNativeTarget section */
		79F913AF2746501500771FFE /* Jiggle */ = {
			isa = PBXNativeTarget;
			buildConfigurationList = 79F913C42746501900771FFE /* Build configuration list for PBXNativeTarget "Jiggle" */;
			buildPhases = (
				50C9D117F376A0615821A405 /* [CP] Check Pods Manifest.lock */,
				CCEF510D72A87A49963FEF50 /* [CP] Prepare Artifacts */,
				79F913AC2746501500771FFE /* Sources */,
				79F913AD2746501500771FFE /* Frameworks */,
				79F913AE2746501500771FFE /* Resources */,
				D93785F8908E9EF6FDDC1F9D /* [CP] Embed Pods Frameworks */,
				1004C6021CECEF5733067082 /* [CP] Copy Pods Resources */,
			);
			buildRules = (
			);
			dependencies = (
			);
			name = Jiggle;
			productName = Jiggle;
			productReference = 79F913B02746501500771FFE /* Jiggle.app */;
			productType = "com.apple.product-type.application";
		};
/* End PBXNativeTarget section */

/* Begin PBXProject section */
		79F913A82746501500771FFE /* Project object */ = {
			isa = PBXProject;
			attributes = {
				LastSwiftUpdateCheck = 1210;
				LastUpgradeCheck = 1210;
				TargetAttributes = {
					79F913AF2746501500771FFE = {
						CreatedOnToolsVersion = 12.1;
					};
				};
			};
			buildConfigurationList = 79F913AB2746501500771FFE /* Build configuration list for PBXProject "Jiggle" */;
			compatibilityVersion = "Xcode 9.3";
			developmentRegion = en;
			hasScannedForEncodings = 0;
			knownRegions = (
				en,
				Base,
			);
			mainGroup = 79F913A72746501500771FFE;
			productRefGroup = 79F913B12746501500771FFE /* Products */;
			projectDirPath = "";
			projectRoot = "";
			targets = (
				79F913AF2746501500771FFE /* Jiggle */,
			);
		};
/* End PBXProject section */

/* Begin PBXResourcesBuildPhase section */
		79F913AE2746501500771FFE /* Resources */ = {
			isa = PBXResourcesBuildPhase;
			buildActionMask = 2147483647;
			files = (
				7965FD01275E44D0002C1C1B /* CameraViewController.xib in Resources */,
				795129D6279D1573002F746C /* CustomAlert.xib in Resources */,
				796A5A1C2747A2A7008BA88B /* LaunchScreen.storyboard in Resources */,
				798F2BBC2763968900A47CC2 /* MatrixNodeCell.xib in Resources */,
				79F913BD2746501900771FFE /* Assets.xcassets in Resources */,
				794B56FF276BFDAD001A7FE6 /* DebugMenuCell.xib in Resources */,
				794B56F5276BE314001A7FE6 /* DebugWindow.xib in Resources */,
				79035A622793D42F00DFFDB2 /* texture.png in Resources */,
				79035A602793D40900DFFDB2 /* art.scnassets in Resources */,
			);
			runOnlyForDeploymentPostprocessing = 0;
		};
/* End PBXResourcesBuildPhase section */

/* Begin PBXShellScriptBuildPhase section */
		1004C6021CECEF5733067082 /* [CP] Copy Pods Resources */ = {
			isa = PBXShellScriptBuildPhase;
			buildActionMask = 2147483647;
			files = (
			);
			inputFileListPaths = (
				"${PODS_ROOT}/Target Support Files/Pods-Jiggle/Pods-Jiggle-resources-${CONFIGURATION}-input-files.xcfilelist",
			);
			name = "[CP] Copy Pods Resources";
			outputFileListPaths = (
				"${PODS_ROOT}/Target Support Files/Pods-Jiggle/Pods-Jiggle-resources-${CONFIGURATION}-output-files.xcfilelist",
			);
			runOnlyForDeploymentPostprocessing = 0;
			shellPath = /bin/sh;
			shellScript = "\"${PODS_ROOT}/Target Support Files/Pods-Jiggle/Pods-Jiggle-resources.sh\"\n";
			showEnvVarsInLog = 0;
		};
		50C9D117F376A0615821A405 /* [CP] Check Pods Manifest.lock */ = {
			isa = PBXShellScriptBuildPhase;
			buildActionMask = 2147483647;
			files = (
			);
			inputFileListPaths = (
			);
			inputPaths = (
				"${PODS_PODFILE_DIR_PATH}/Podfile.lock",
				"${PODS_ROOT}/Manifest.lock",
			);
			name = "[CP] Check Pods Manifest.lock";
			outputFileListPaths = (
			);
			outputPaths = (
				"$(DERIVED_FILE_DIR)/Pods-Jiggle-checkManifestLockResult.txt",
			);
			runOnlyForDeploymentPostprocessing = 0;
			shellPath = /bin/sh;
			shellScript = "diff \"${PODS_PODFILE_DIR_PATH}/Podfile.lock\" \"${PODS_ROOT}/Manifest.lock\" > /dev/null\nif [ $? != 0 ] ; then\n    # print error to STDERR\n    echo \"error: The sandbox is not in sync with the Podfile.lock. Run 'pod install' or update your CocoaPods installation.\" >&2\n    exit 1\nfi\n# This output is used by Xcode 'outputs' to avoid re-running this script phase.\necho \"SUCCESS\" > \"${SCRIPT_OUTPUT_FILE_0}\"\n";
			showEnvVarsInLog = 0;
		};
		CCEF510D72A87A49963FEF50 /* [CP] Prepare Artifacts */ = {
			isa = PBXShellScriptBuildPhase;
			buildActionMask = 2147483647;
			files = (
			);
			inputFileListPaths = (
				"${PODS_ROOT}/Target Support Files/Pods-Jiggle/Pods-Jiggle-artifacts-${CONFIGURATION}-input-files.xcfilelist",
			);
			name = "[CP] Prepare Artifacts";
			outputFileListPaths = (
				"${PODS_ROOT}/Target Support Files/Pods-Jiggle/Pods-Jiggle-artifacts-${CONFIGURATION}-output-files.xcfilelist",
			);
			runOnlyForDeploymentPostprocessing = 0;
			shellPath = /bin/sh;
			shellScript = "\"${PODS_ROOT}/Target Support Files/Pods-Jiggle/Pods-Jiggle-artifacts.sh\"\n";
			showEnvVarsInLog = 0;
		};
		D93785F8908E9EF6FDDC1F9D /* [CP] Embed Pods Frameworks */ = {
			isa = PBXShellScriptBuildPhase;
			buildActionMask = 2147483647;
			files = (
			);
			inputFileListPaths = (
				"${PODS_ROOT}/Target Support Files/Pods-Jiggle/Pods-Jiggle-frameworks-${CONFIGURATION}-input-files.xcfilelist",
			);
			name = "[CP] Embed Pods Frameworks";
			outputFileListPaths = (
				"${PODS_ROOT}/Target Support Files/Pods-Jiggle/Pods-Jiggle-frameworks-${CONFIGURATION}-output-files.xcfilelist",
			);
			runOnlyForDeploymentPostprocessing = 0;
			shellPath = /bin/sh;
			shellScript = "\"${PODS_ROOT}/Target Support Files/Pods-Jiggle/Pods-Jiggle-frameworks.sh\"\n";
			showEnvVarsInLog = 0;
		};
/* End PBXShellScriptBuildPhase section */

/* Begin PBXSourcesBuildPhase section */
		79F913AC2746501500771FFE /* Sources */ = {
			isa = PBXSourcesBuildPhase;
			buildActionMask = 2147483647;
			files = (
				79F913B42746501500771FFE /* AppDelegate.swift in Sources */,
				7922B2FB275FED1C00273D8B /* JiggleError.swift in Sources */,
				791CC44D2764BE0900813FAC /* ServicesContainer.swift in Sources */,
				792980DA279D7028007647F7 /* Array+Extensions.swift in Sources */,
				79D1AAFB27748E2900733F20 /* MaskAutoMapper.swift in Sources */,
				7922B2F8275FE65A00273D8B /* CaptureVideoPreviewView.swift in Sources */,
				798F2BBB2763968900A47CC2 /* MatrixNodeCell.swift in Sources */,
				7920E0D527601AAB001A8366 /* SessionOutputManager.swift in Sources */,
				7963FC4627466FAD007B8449 /* CoordinatorProtocol.swift in Sources */,
				796A59F32747A02B008BA88B /* UserDefaultsPropertyWrapper.swift in Sources */,
				79189E00274672900023628A /* Logger.swift in Sources */,
				794B56FA276BF9DD001A7FE6 /* DebugMenuModel.swift in Sources */,
				79A6FFF12762A3F0002E78E0 /* PoseRecognizer.swift in Sources */,
				798F2BB7276393E200A47CC2 /* MatrixNode.swift in Sources */,
				7965FCFE275E44D0002C1C1B /* CameraCoordinator.swift in Sources */,
				795129DC279D16E1002F746C /* TapAnimatedButton.swift in Sources */,
				79A6FFEC27629E50002E78E0 /* UtilsForDrawing.swift in Sources */,
				79EC56AD2796B0A600AEF729 /* EditorSoundsInteractor.swift in Sources */,
				79629CFC27EE77FB00FA5628 /* SoundDropService.swift in Sources */,
				791B7BEF27469FFF00EF6886 /* UIView+Extensions.swift in Sources */,
				7920E0CA275FFD5B001A8366 /* AnnotationsOverlayView.swift in Sources */,
				794B56F7276BF962001A7FE6 /* DebugCollectionMenu.swift in Sources */,
				794B56F3276BE2FF001A7FE6 /* DebugWindow.swift in Sources */,
				791B7BE727469FFF00EF6886 /* UICollectionView+Extensions.swift in Sources */,
				7958431A27714E9400E0172C /* MaskManager.swift in Sources */,
				79A6FFE427628BC3002E78E0 /* PointProcessor.swift in Sources */,
				79E0415F279BD0A200AB1390 /* UIViewController+Extensions.swift in Sources */,
				791CC4542764CB5E00813FAC /* ZoneBasedMechanic.swift in Sources */,
				791B7BEC27469FFF00EF6886 /* UIBarButtonItem+Extensions.swift in Sources */,
				79ED1386278C8DD600A1F9BA /* EditorZoneSelection.swift in Sources */,
				794B79DB279E2F620037B6C9 /* EditorZonesInteractor.swift in Sources */,
				791B7BED27469FFF00EF6886 /* KeyedDecodingContainer+Extensions.swift in Sources */,
				79E04159279B9E6E00AB1390 /* Dictionary+Extensions.swift in Sources */,
				79E0415D279BC3E200AB1390 /* EditorMask.swift in Sources */,
				7965FD00275E44D0002C1C1B /* CameraViewModel.swift in Sources */,
				79A6FFEE27629EAB002E78E0 /* UtilsForPoseDetection.swift in Sources */,
				791B7BEB27469FFF00EF6886 /* UIControl+Extensions.swift in Sources */,
				79E0415B279BA44B00AB1390 /* CodableColor.swift in Sources */,
				7920E0D32760152A001A8366 /* SessionMediaService.swift in Sources */,
				7920E0C8275FF3C9001A8366 /* ErrorHandlerProvider.swift in Sources */,
				798F2BB2276392C500A47CC2 /* MatrixCollection.swift in Sources */,
				7920E0CF27600F1E001A8366 /* SessionInputManager.swift in Sources */,
				7920E0D127600F62001A8366 /* Typealies.swift in Sources */,
				794B5701276C05E6001A7FE6 /* DebugMenuDatasource.swift in Sources */,
				7958431827714E6400E0172C /* ZoneBasedAudio.swift in Sources */,
				79A6FFE727628E27002E78E0 /* OneEuroFilter.swift in Sources */,
				795129D2279CEDAE002F746C /* CaseItarable+Extensions.swift in Sources */,
				79F913B62746501500771FFE /* SceneDelegate.swift in Sources */,
				795129DA279D16B6002F746C /* InteractionFeedbackService.swift in Sources */,
				7965FCFF275E44D0002C1C1B /* CameraViewController.swift in Sources */,
				79E04161279C058C00AB1390 /* String+Extensions.swift in Sources */,
				794B56FE276BFDAD001A7FE6 /* DebugMenuCell.swift in Sources */,
				7963FC4227466F6F007B8449 /* ApplicationCoordinator.swift in Sources */,
				798F5D87278F35460042BA98 /* MaskBase.swift in Sources */,
				798F2BB52763939F00A47CC2 /* MatrixSection.swift in Sources */,
				791B7BEE27469FFF00EF6886 /* Publisher+Extensions.swift in Sources */,
				794B79DE279E2FC70037B6C9 /* EditorDescriptionsModel.swift in Sources */,
				790CFEE6276A7BE000C355C5 /* PerformanceMeasurement.swift in Sources */,
				791B7BE827469FFF00EF6886 /* Collection+Extensions.swift in Sources */,
				795842F627713F3600E0172C /* SoundZone.swift in Sources */,
				795129D7279D1573002F746C /* CustomAlert.swift in Sources */,
			);
			runOnlyForDeploymentPostprocessing = 0;
		};
/* End PBXSourcesBuildPhase section */

/* Begin XCBuildConfiguration section */
		79F913C22746501900771FFE /* Debug */ = {
			isa = XCBuildConfiguration;
			buildSettings = {
				ALWAYS_SEARCH_USER_PATHS = NO;
				CLANG_ANALYZER_NONNULL = YES;
				CLANG_ANALYZER_NUMBER_OBJECT_CONVERSION = YES_AGGRESSIVE;
				CLANG_CXX_LANGUAGE_STANDARD = "gnu++14";
				CLANG_CXX_LIBRARY = "libc++";
				CLANG_ENABLE_MODULES = YES;
				CLANG_ENABLE_OBJC_ARC = YES;
				CLANG_ENABLE_OBJC_WEAK = YES;
				CLANG_WARN_BLOCK_CAPTURE_AUTORELEASING = YES;
				CLANG_WARN_BOOL_CONVERSION = YES;
				CLANG_WARN_COMMA = YES;
				CLANG_WARN_CONSTANT_CONVERSION = YES;
				CLANG_WARN_DEPRECATED_OBJC_IMPLEMENTATIONS = YES;
				CLANG_WARN_DIRECT_OBJC_ISA_USAGE = YES_ERROR;
				CLANG_WARN_DOCUMENTATION_COMMENTS = YES;
				CLANG_WARN_EMPTY_BODY = YES;
				CLANG_WARN_ENUM_CONVERSION = YES;
				CLANG_WARN_INFINITE_RECURSION = YES;
				CLANG_WARN_INT_CONVERSION = YES;
				CLANG_WARN_NON_LITERAL_NULL_CONVERSION = YES;
				CLANG_WARN_OBJC_IMPLICIT_RETAIN_SELF = YES;
				CLANG_WARN_OBJC_LITERAL_CONVERSION = YES;
				CLANG_WARN_OBJC_ROOT_CLASS = YES_ERROR;
				CLANG_WARN_QUOTED_INCLUDE_IN_FRAMEWORK_HEADER = YES;
				CLANG_WARN_RANGE_LOOP_ANALYSIS = YES;
				CLANG_WARN_STRICT_PROTOTYPES = YES;
				CLANG_WARN_SUSPICIOUS_MOVE = YES;
				CLANG_WARN_UNGUARDED_AVAILABILITY = YES_AGGRESSIVE;
				CLANG_WARN_UNREACHABLE_CODE = YES;
				CLANG_WARN__DUPLICATE_METHOD_MATCH = YES;
				COPY_PHASE_STRIP = NO;
				DEBUG_INFORMATION_FORMAT = dwarf;
				ENABLE_STRICT_OBJC_MSGSEND = YES;
				ENABLE_TESTABILITY = YES;
				GCC_C_LANGUAGE_STANDARD = gnu11;
				GCC_DYNAMIC_NO_PIC = NO;
				GCC_NO_COMMON_BLOCKS = YES;
				GCC_OPTIMIZATION_LEVEL = 0;
				GCC_PREPROCESSOR_DEFINITIONS = (
					"DEBUG=1",
					"$(inherited)",
				);
				GCC_WARN_64_TO_32_BIT_CONVERSION = YES;
				GCC_WARN_ABOUT_RETURN_TYPE = YES_ERROR;
				GCC_WARN_UNDECLARED_SELECTOR = YES;
				GCC_WARN_UNINITIALIZED_AUTOS = YES_AGGRESSIVE;
				GCC_WARN_UNUSED_FUNCTION = YES;
				GCC_WARN_UNUSED_VARIABLE = YES;
				IPHONEOS_DEPLOYMENT_TARGET = 14.1;
				MTL_ENABLE_DEBUG_INFO = INCLUDE_SOURCE;
				MTL_FAST_MATH = YES;
				ONLY_ACTIVE_ARCH = YES;
				SDKROOT = iphoneos;
				SWIFT_ACTIVE_COMPILATION_CONDITIONS = DEBUG;
				SWIFT_OPTIMIZATION_LEVEL = "-Onone";
			};
			name = Debug;
		};
		79F913C32746501900771FFE /* Release */ = {
			isa = XCBuildConfiguration;
			buildSettings = {
				ALWAYS_SEARCH_USER_PATHS = NO;
				CLANG_ANALYZER_NONNULL = YES;
				CLANG_ANALYZER_NUMBER_OBJECT_CONVERSION = YES_AGGRESSIVE;
				CLANG_CXX_LANGUAGE_STANDARD = "gnu++14";
				CLANG_CXX_LIBRARY = "libc++";
				CLANG_ENABLE_MODULES = YES;
				CLANG_ENABLE_OBJC_ARC = YES;
				CLANG_ENABLE_OBJC_WEAK = YES;
				CLANG_WARN_BLOCK_CAPTURE_AUTORELEASING = YES;
				CLANG_WARN_BOOL_CONVERSION = YES;
				CLANG_WARN_COMMA = YES;
				CLANG_WARN_CONSTANT_CONVERSION = YES;
				CLANG_WARN_DEPRECATED_OBJC_IMPLEMENTATIONS = YES;
				CLANG_WARN_DIRECT_OBJC_ISA_USAGE = YES_ERROR;
				CLANG_WARN_DOCUMENTATION_COMMENTS = YES;
				CLANG_WARN_EMPTY_BODY = YES;
				CLANG_WARN_ENUM_CONVERSION = YES;
				CLANG_WARN_INFINITE_RECURSION = YES;
				CLANG_WARN_INT_CONVERSION = YES;
				CLANG_WARN_NON_LITERAL_NULL_CONVERSION = YES;
				CLANG_WARN_OBJC_IMPLICIT_RETAIN_SELF = YES;
				CLANG_WARN_OBJC_LITERAL_CONVERSION = YES;
				CLANG_WARN_OBJC_ROOT_CLASS = YES_ERROR;
				CLANG_WARN_QUOTED_INCLUDE_IN_FRAMEWORK_HEADER = YES;
				CLANG_WARN_RANGE_LOOP_ANALYSIS = YES;
				CLANG_WARN_STRICT_PROTOTYPES = YES;
				CLANG_WARN_SUSPICIOUS_MOVE = YES;
				CLANG_WARN_UNGUARDED_AVAILABILITY = YES_AGGRESSIVE;
				CLANG_WARN_UNREACHABLE_CODE = YES;
				CLANG_WARN__DUPLICATE_METHOD_MATCH = YES;
				COPY_PHASE_STRIP = NO;
				DEBUG_INFORMATION_FORMAT = "dwarf-with-dsym";
				ENABLE_NS_ASSERTIONS = NO;
				ENABLE_STRICT_OBJC_MSGSEND = YES;
				GCC_C_LANGUAGE_STANDARD = gnu11;
				GCC_NO_COMMON_BLOCKS = YES;
				GCC_WARN_64_TO_32_BIT_CONVERSION = YES;
				GCC_WARN_ABOUT_RETURN_TYPE = YES_ERROR;
				GCC_WARN_UNDECLARED_SELECTOR = YES;
				GCC_WARN_UNINITIALIZED_AUTOS = YES_AGGRESSIVE;
				GCC_WARN_UNUSED_FUNCTION = YES;
				GCC_WARN_UNUSED_VARIABLE = YES;
				IPHONEOS_DEPLOYMENT_TARGET = 14.1;
				MTL_ENABLE_DEBUG_INFO = NO;
				MTL_FAST_MATH = YES;
				SDKROOT = iphoneos;
				SWIFT_COMPILATION_MODE = wholemodule;
				SWIFT_OPTIMIZATION_LEVEL = "-O";
				VALIDATE_PRODUCT = YES;
			};
			name = Release;
		};
		79F913C52746501900771FFE /* Debug */ = {
			isa = XCBuildConfiguration;
			baseConfigurationReference = E1587FEF8190C1BAA52A8B83 /* Pods-Jiggle.debug.xcconfig */;
			buildSettings = {
				ASSETCATALOG_COMPILER_APPICON_NAME = AppIcon;
				ASSETCATALOG_COMPILER_GLOBAL_ACCENT_COLOR_NAME = AccentColor;
				CODE_SIGN_IDENTITY = "Apple Development";
				CODE_SIGN_STYLE = Automatic;
				DEVELOPMENT_TEAM = N869LKF837;
				INFOPLIST_FILE = "$(SRCROOT)/Application/Info.plist";
				LD_RUNPATH_SEARCH_PATHS = (
					"$(inherited)",
					"@executable_path/Frameworks",
				);
				MARKETING_VERSION = 1.0.1;
				PRODUCT_BUNDLE_IDENTIFIER = com.kefirtest;
				PRODUCT_NAME = "$(TARGET_NAME)";
				PROVISIONING_PROFILE_SPECIFIER = "";
				SWIFT_VERSION = 5.0;
				TARGETED_DEVICE_FAMILY = "1,2";
			};
			name = Debug;
		};
		79F913C62746501900771FFE /* Release */ = {
			isa = XCBuildConfiguration;
			baseConfigurationReference = 11CEED87185E67AAB103638B /* Pods-Jiggle.release.xcconfig */;
			buildSettings = {
				ASSETCATALOG_COMPILER_APPICON_NAME = AppIcon;
				ASSETCATALOG_COMPILER_GLOBAL_ACCENT_COLOR_NAME = AccentColor;
				CODE_SIGN_IDENTITY = "Apple Development";
				CODE_SIGN_STYLE = Automatic;
				DEVELOPMENT_TEAM = N869LKF837;
				INFOPLIST_FILE = "$(SRCROOT)/Application/Info.plist";
				LD_RUNPATH_SEARCH_PATHS = (
					"$(inherited)",
					"@executable_path/Frameworks",
				);
				MARKETING_VERSION = 1.0.1;
				PRODUCT_BUNDLE_IDENTIFIER = com.kefirtest;
				PRODUCT_NAME = "$(TARGET_NAME)";
				PROVISIONING_PROFILE_SPECIFIER = "";
				SWIFT_VERSION = 5.0;
				TARGETED_DEVICE_FAMILY = "1,2";
			};
			name = Release;
		};
/* End XCBuildConfiguration section */

/* Begin XCConfigurationList section */
		79F913AB2746501500771FFE /* Build configuration list for PBXProject "Jiggle" */ = {
			isa = XCConfigurationList;
			buildConfigurations = (
				79F913C22746501900771FFE /* Debug */,
				79F913C32746501900771FFE /* Release */,
			);
			defaultConfigurationIsVisible = 0;
			defaultConfigurationName = Release;
		};
		79F913C42746501900771FFE /* Build configuration list for PBXNativeTarget "Jiggle" */ = {
			isa = XCConfigurationList;
			buildConfigurations = (
				79F913C52746501900771FFE /* Debug */,
				79F913C62746501900771FFE /* Release */,
			);
			defaultConfigurationIsVisible = 0;
			defaultConfigurationName = Release;
		};
/* End XCConfigurationList section */
	};
	rootObject = 79F913A82746501500771FFE /* Project object */;
}
